
Microsoft Visual Studio Solution File, Format Version 12.00
# Visual Studio Version 17
VisualStudioVersion = 17.0.31912.275
MinimumVisualStudioVersion = 10.0.40219.1
Project("{8BC9CEB8-8B4A-11D0-8D11-00A0C91BC942}") = "ConsoleApplication2", "ConsoleApplication2.vcxproj", "{AD9934B0-B129-4603-A109-D92EE2A2336F}"
EndProject
Global
	GlobalSection(SolutionConfigurationPlatforms) = preSolution
		Debug|x64 = Debug|x64
		Debug|x86 = Debug|x86
		Release|x64 = Release|x64
		Release|x86 = Release|x86
	EndGlobalSection
	GlobalSection(ProjectConfigurationPlatforms) = postSolution
		{AD9934B0-B129-4603-A109-D92EE2A2336F}.Debug|x64.ActiveCfg = Debug|x64
		{AD9934B0-B129-4603-A109-D92EE2A2336F}.Debug|x64.Build.0 = Debug|x64
		{AD9934B0-B129-4603-A109-D92EE2A2336F}.Debug|x86.ActiveCfg = Debug|Win32
		{AD9934B0-B129-4603-A109-D92EE2A2336F}.Debug|x86.Build.0 = Debug|Win32
		{AD9934B0-B129-4603-A109-D92EE2A2336F}.Release|x64.ActiveCfg = Release|x64
		{AD9934B0-B129-4603-A109-D92EE2A2336F}.Release|x64.Build.0 = Release|x64
		{AD9934B0-B129-4603-A109-D92EE2A2336F}.Release|x86.ActiveCfg = Release|Win32
		{AD9934B0-B129-4603-A109-D92EE2A2336F}.Release|x86.Build.0 = Release|Win32
	EndGlobalSection
	GlobalSection(SolutionProperties) = preSolution
		HideSolutionNode = FALSE
	EndGlobalSection
	GlobalSection(ExtensibilityGlobals) = postSolution
		SolutionGuid = {758F3679-D096-4CA7-9532-9310618D9CF2}
	EndGlobalSection
EndGlobal
